github.com/BurntSushi/toml v1.2.0 h1:Rt8g24XnyGTyglgET/PRUNlrUeu9F5L+7FilkXfZgs0=
github.com/davecgh/go-spew v1.1.1 h1:vj9j/u1bqnvCEfJOwUhtlOARqs3+rkHYY13jYWTU97c=
github.com/docopt/docopt-go v0.0.0-20180111231733-ee0de3bc6815 h1:bWDMxwH3px2JBh6AyO7hdCn/PkvCZXii8TGj7sbtEbQ=
github.com/docopt/docopt-go v0.0.0-20180111231733-ee0de3bc6815/go.mod h1:WwZ+bS3ebgob9U8Nd0kOddGdZWjyMGR8Wziv+TBNwSE=
github.com/fatih/color v1.13.0 h1:8LOYc1KYPPmyKMuN8QV2DNRWNbLo6LZ0iLs8+mlH53w=
github.com/fatih/color v1.13.0/go.mod h1:kLAiJbzzSOZDVNGyDpeOxJ47H46qBXwg5ILebYFFOfk=
github.com/kovetskiy/lorg v1.2.0 h1:wNIUT/VOhcjKOmizDClZLvchbKFGW+dzf9fQXbSVS5E=
github.com/kovetskiy/lorg v1.2.0/go.mod h1:rdiamaIRUCkX9HtFZd0D9dQqUbad21hipHk+sat7Z6s=
github.com/mattn/go-colorable v0.1.9 h1:sqDoxXbdeALODt0DAeJCVp38ps9ZogZEAXjus69YV3U=
github.com/mattn/go-colorable v0.1.9/go.mod h1:u6P/XSegPjTcexA+o6vUJrdnUu04hMope9wVRipJSqc=
github.com/mattn/go-isatty v0.0.12/go.mod h1:cbi8OIDigv2wuxKPP5vlRcQ1OAZbq2CE4Kysco4FUpU=
github.com/mattn/go-isatty v0.0.14 h1:yVuAays6BHfxijgZPzw+3Zlu5yQgKGP2/hcQbHb7S9Y=
github.com/mattn/go-isatty v0.0.14/go.mod h1:7GGIvUiUoEMVVmxf/4nioHXj79iQHKdU27kJ6hsGG94=
github.com/pmezard/go-difflib v1.0.0 h1:4DBwDE0NGyQoBHbLQYPwSUPoCMWR5BEzIk/f1lZbAQM=
github.com/reconquest/hierr-go v0.0.0-20170824213838-7d09c0176fd2 h1:v3ctQXyIHprCI7s42LGmMYbulnnpjeD4zcvq78D1ung=
github.com/reconquest/hierr-go v0.0.0-20170824213838-7d09c0176fd2/go.mod h1:dF8sYs86hXr+kKjDVvxDZYMUsTm5yr0PFQqLer/xsrk=
github.com/reconquest/ser-go v0.0.0-20181114141834-0d1f485292ce h1:bNhTHXC0NX1wo3nGVdM6LZL+90Qx1NVBYDlw9+H9IMw=
github.com/reconquest/ser-go v0.0.0-20181114141834-0d1f485292ce/go.mod h1:H3Pgo5dsVfGXxKBNju4XnzDKLcejXSgBY7y5t+LDk24=
github.com/stretchr/testify v1.8.0 h1:pSgiaMZlXftHpm5L7V1+rVB+AZJydKsMxsQBIJw4PKk=
github.com/zazab/zhash v0.0.0-20210630080733-6e809466f8d3 h1:BhVaeQJc3xalHGONn215FylzuxdQBIT3d/aRjDg4nXQ=
github.com/zazab/zhash v0.0.0-20210630080733-6e809466f8d3/go.mod h1:NtepZ8TEXErPsmQDMUoN72f8aIy4+xNinSJ3f1giess=
golang.org/x/sys v0.0.0-20200116001909-b77594299b42/go.mod h1:h1NjWce9XRLGQEsW7wpKNCjG9DtNlClVuFLEZdDNbEs=
golang.org/x/sys v0.0.0-20200223170610-d5e6a3e2c0ae/go.mod h1:h1NjWce9XRLGQEsW7wpKNCjG9DtNlClVuFLEZdDNbEs=
golang.org/x/sys v0.0.0-20210630005230-0f9fa26af87c h1:F1jZWGFhYfh0Ci55sIpILtKKK8p3i2/krTr0H1rg74I=
golang.org/x/sys v0.0.0-20210630005230-0f9fa26af87c/go.mod h1:oPkhp1MJrh7nUepCBck5+mAzfO9JrbApNNgaTdGDITg=
gopkg.in/yaml.v2 v2.4.0 h1:D8xgwECY7CYvx+Y2n4sBz93Jn9JRvxdiyyo8CTfuKaY=
gopkg.in/yaml.v3 v3.0.1 h1:fxVm/GzAzEWqLHuvctI91KS9hhNmmWOoWu0XTYJS7CA=
